
Microsoft Visual Studio Solution File, Format Version 12.00
# Visual Studio Version 17
VisualStudioVersion = 17.4.33213.308
MinimumVisualStudioVersion = 10.0.40219.1
Project("{FAE04EC0-301F-11D3-BF4B-00C04F79EFBC}") = "ResourceAndAssignTask.Server", "Server\ResourceAndAssignTask.Server.csproj", "{7DB2D3EB-B149-4985-853A-9B6B1ACD1E2A}"
EndProject
Project("{FAE04EC0-301F-11D3-BF4B-00C04F79EFBC}") = "ResourceAndAssignTask.Client", "Client\ResourceAndAssignTask.Client.csproj", "{801B621D-BD42-456C-BB47-215BA7CD23EE}"
EndProject
Project("{FAE04EC0-301F-11D3-BF4B-00C04F79EFBC}") = "ResourceAndAssignTask.Shared", "Shared\ResourceAndAssignTask.Shared.csproj", "{AA8AABD2-5D72-4A07-92DA-5C886D2C2055}"
EndProject
Global
	GlobalSection(SolutionConfigurationPlatforms) = preSolution
		Debug|Any CPU = Debug|Any CPU
		Release|Any CPU = Release|Any CPU
	EndGlobalSection
	GlobalSection(ProjectConfigurationPlatforms) = postSolution
		{7DB2D3EB-B149-4985-853A-9B6B1ACD1E2A}.Debug|Any CPU.ActiveCfg = Debug|Any CPU
		{7DB2D3EB-B149-4985-853A-9B6B1ACD1E2A}.Debug|Any CPU.Build.0 = Debug|Any CPU
		{7DB2D3EB-B149-4985-853A-9B6B1ACD1E2A}.Release|Any CPU.ActiveCfg = Release|Any CPU
		{7DB2D3EB-B149-4985-853A-9B6B1ACD1E2A}.Release|Any CPU.Build.0 = Release|Any CPU
		{801B621D-BD42-456C-BB47-215BA7CD23EE}.Debug|Any CPU.ActiveCfg = Debug|Any CPU
		{801B621D-BD42-456C-BB47-215BA7CD23EE}.Debug|Any CPU.Build.0 = Debug|Any CPU
		{801B621D-BD42-456C-BB47-215BA7CD23EE}.Release|Any CPU.ActiveCfg = Release|Any CPU
		{801B621D-BD42-456C-BB47-215BA7CD23EE}.Release|Any CPU.Build.0 = Release|Any CPU
		{AA8AABD2-5D72-4A07-92DA-5C886D2C2055}.Debug|Any CPU.ActiveCfg = Debug|Any CPU
		{AA8AABD2-5D72-4A07-92DA-5C886D2C2055}.Debug|Any CPU.Build.0 = Debug|Any CPU
		{AA8AABD2-5D72-4A07-92DA-5C886D2C2055}.Release|Any CPU.ActiveCfg = Release|Any CPU
		{AA8AABD2-5D72-4A07-92DA-5C886D2C2055}.Release|Any CPU.Build.0 = Release|Any CPU
	EndGlobalSection
	GlobalSection(SolutionProperties) = preSolution
		HideSolutionNode = FALSE
	EndGlobalSection
	GlobalSection(ExtensibilityGlobals) = postSolution
		SolutionGuid = {2F0A9A1E-A6E1-4308-AE22-CB8DB2FFF6FC}
	EndGlobalSection
EndGlobal
